filippo.io/edwards25519 v1.0.0-rc.1 h1:m0VOOB23frXZvAOK44usCgLWvtsxIoMCTBGJZlpmGfU=
filippo.io/edwards25519 v1.0.0-rc.1/go.mod h1:N1IkdkCkiLB6tki+MYJoSx2JTY9NUlxZE7eHn5EwJns=
github.com/Microsoft/go-winio v0.6.0 h1:slsWYD/zyx7lCXoZVlvQrj0hPTM1HI4+v1sIda2yDvg=
github.com/Microsoft/go-winio v0.6.0/go.mod h1:cTAf44im0RAYeL23bpB+fzCyDH2MJiz2BO69KH/soAE=
github.com/akutz/memconn v0.1.0 h1:NawI0TORU4hcOMsMr11g7vwlCdkYeLKXBcxWu2W/P8A=
github.com/akutz/memconn v0.1.0/go.mod h1:Jo8rI7m0NieZyLI5e2CDlRdRqRRB4S7Xp77ukDjH+Fw=
github.com/alexbrainman/sspi v0.0.0-20210105120005-909beea2cc74 h1:Kk6a4nehpJ3UuJRqlA3JxYxBZEqCeOmATOvrbT4p9RA=
github.com/alexbrainman/sspi v0.0.0-20210105120005-909beea2cc74/go.mod h1:cEWa1LVoE5KvSD9ONXsZrj0z6KqySlCCNKHlLzbqAt4=
github.com/aws/aws-sdk-go-v2 v1.17.8 h1:GMupCNNI7FARX27L7GjCJM8NgivWbRgpjNI/hOQjFS8=
github.com/aws/aws-sdk-go-v2 v1.17.8/go.mod h1:uzbQtefpm44goOPmdKyAlXSNcwlRgF3ePWVW6EtJvvw=
github.com/aws/aws-sdk-go-v2/config v1.18.20 h1:yYy+onqmLmDVZtx0mkqbx8aJPl+58V6ivLbLDZ2Qztc=
github.com/aws/aws-sdk-go-v2/config v1.18.20/go.mod h1:RWjF39RiDevmHw/+VaD8F0A36OPIPTHQQyRx0eZohnw=
github.com/aws/aws-sdk-go-v2/credentials v1.13.19 h1:FWHJy9uggyQCSEhovtl/6W6rW9P6DSr62GUeY/TS6Eo=
github.com/aws/aws-sdk-go-v2/credentials v1.13.19/go.mod h1:2m4uvLvl5hvQezVkLeBBUGMEDm5GcUNc3016W6d3NGg=
github.com/aws/aws-sdk-go-v2/feature/dynamodb/attributevalue v1.10.20 h1:TndtAIZJ5nvAPYrpcXKLst5Jbd7+QzXQ0H29u/yZBi0=
github.com/aws/aws-sdk-go-v2/feature/dynamodb/attributevalue v1.10.20/go.mod h1:6quTbjm06uEd8CJwlXDBwt3si/whHgd2VieXzRHS1n8=
github.com/aws/aws-sdk-go-v2/feature/ec2/imds v1.13.2 h1:jOzQAesnBFDmz93feqKnsTHsXrlwWORNZMFHMV+WLFU=
github.com/aws/aws-sdk-go-v2/feature/ec2/imds v1.13.2/go.mod h1:cDh1p6XkSGSwSRIArWRc6+UqAQ7x4alQ0QfpVR6f+co=
github.com/aws/aws-sdk-go-v2/internal/configsources v1.1.32 h1:dpbVNUjczQ8Ae3QKHbpHBpfvaVkRdesxpTOe9pTouhU=
github.com/aws/aws-sdk-go-v2/internal/configsources v1.1.32/go.mod h1:RudqOgadTWdcS3t/erPQo24pcVEoYyqj/kKW5Vya21I=
github.com/aws/aws-sdk-go-v2/internal/endpoints/v2 v2.4.26 h1:QH2kOS3Ht7x+u0gHCh06CXL/h6G8LQJFpZfFBYBNboo=
github.com/aws/aws-sdk-go-v2/internal/endpoints/v2 v2.4.26/go.mod h1:vq86l7956VgFr0/FWQ2BWnK07QC3WYsepKzy33qqY5U=
github.com/aws/aws-sdk-go-v2/internal/ini v1.3.33 h1:HbH1VjUgrCdLJ+4lnnuLI4iVNRvBbBELGaJ5f69ClA8=
github.com/aws/aws-sdk-go-v2/internal/ini v1.3.33/go.mod h1:zG2FcwjQarWaqXSCGpgcr3RSjZ6dHGguZSppUL0XR7Q=
github.com/aws/aws-sdk-go-v2/service/dynamodb v1.19.3/go.mod h1:2XzQIYZ2VeZzxUnFIe0EpYIdkol6eEgs3vSAFjTLw4Q=
github.com/aws/aws-sdk-go-v2/service/dynamodb v1.19.4 h1:0PlAM5X9Tbjr9OpQh3uVIwIbm3kxJpPculFAZQB2u8M=
github.com/aws/aws-sdk-go-v2/service/dynamodb v1.19.4/go.mod h1:2XzQIYZ2VeZzxUnFIe0EpYIdkol6eEgs3vSAFjTLw4Q=
github.com/aws/aws-sdk-go-v2/service/dynamodbstreams v1.14.8 h1:AXij8aH90wS+7fn7yKovDTxuWt99IAsB5PpHMmwqgkQ=
github.com/aws/aws-sdk-go-v2/service/dynamodbstreams v1.14.8/go.mod h1:f5AFfCIRdpyMGRzzxNgktCvXxkwKOENgibzLPlz1Zy8=
github.com/aws/aws-sdk-go-v2/service/internal/accept-encoding v1.9.11 h1:y2+VQzC6Zh2ojtV2LoC0MNwHWc6qXv/j2vrQtlftkdA=
github.com/aws/aws-sdk-go-v2/service/internal/accept-encoding v1.9.11/go.mod h1:iV4q2hsqtNECrfmlXyord9u4zyuFEJX9eLgLpSPzWA8=
github.com/aws/aws-sdk-go-v2/service/internal/endpoint-discovery v1.7.26 h1:XsLNgECTon/ughUzILFbbeC953tTbXnJv4GQPUHm80A=
github.com/aws/aws-sdk-go-v2/service/internal/endpoint-discovery v1.7.26/go.mod h1:zSW1SZ9ZQQZlRfqur2sI2Mn/ptcDLi6mtlPaXIIw0IE=
github.com/aws/aws-sdk-go-v2/service/internal/presigned-url v1.9.26 h1:uUt4XctZLhl9wBE1L8lobU3bVN8SNUP7T+olb0bWBO4=
github.com/aws/aws-sdk-go-v2/service/internal/presigned-url v1.9.26/go.mod h1:Bd4C/4PkVGubtNe5iMXu5BNnaBi/9t/UsFspPt4ram8=
github.com/aws/aws-sdk-go-v2/service/sso v1.12.7 h1:rrYYhsvcvg6CDDoo4GHKtAWBFutS86CpmGvqHJHYL9w=
github.com/aws/aws-sdk-go-v2/service/sso v1.12.7/go.mod h1:GNIveDnP+aE3jujyUSH5aZ/rktsTM5EvtKnCqBZawdw=
github.com/aws/aws-sdk-go-v2/service/ssooidc v1.14.7 h1:Vjpjt3svuJ/u+eKRfycZwqLsLoxyuvvZyHMJSk+3k58=
github.com/aws/aws-sdk-go-v2/service/ssooidc v1.14.7/go.mod h1:44qFP1g7pfd+U+sQHLPalAPKnyfTZjJsYR4xIwsJy5o=
github.com/aws/aws-sdk-go-v2/service/sts v1.18.8 h1:SQ8pPoXfzuz4DImO4KAi9xhO4ANG0Ckb5clZ5GoRAPw=
github.com/aws/aws-sdk-go-v2/service/sts v1.18.8/go.mod h1:yyW88BEPXA2fGFyI2KCcZC3dNpiT0CZAHaF+i656/tQ=
github.com/aws/smithy-go v1.13.5 h1:hgz0X/DX0dGqTYpGALqXJoRKRj5oQ7150i5FdTePzO8=
github.com/aws/smithy-go v1.13.5/go.mod h1:Tg+OJXh4MB2R/uN61Ko2f6hTZwB/ZYGOtib8J3gBHzA=
github.com/cilium/ebpf v0.8.1 h1:bLSSEbBLqGPXxls55pGr5qWZaTqcmfDJHhou7t254ao=
github.com/cilium/ebpf v0.8.1/go.mod h1:f5zLIM0FSNuAkSyLAN7X+Hy6yznlF1mNiWUMfxMtrgk=
github.com/creack/pty v1.1.9/go.mod h1:oKZEueFk5CKHvIhNR5MUki03XCEU+Q6VDXinZuGJ33E=
github.com/davecgh/go-spew v1.1.0/go.mod h1:J7Y8YcW2NihsgmVo/mv3lAwl/skON4iLHjSsI+c5H38=
github.com/davecgh/go-spew v1.1.1 h1:vj9j/u1bqnvCEfJOwUhtlOARqs3+rkHYY13jYWTU97c=
github.com/frankban/quicktest v1.14.0 h1:+cqqvzZV87b4adx/5ayVOaYZ2CrvM4ejQvUdBzPPUss=
github.com/frankban/quicktest v1.14.0/go.mod h1:NeW+ay9A/U67EYXNFA1nPE8e/tnQv/09mUdL/ijj8og=
github.com/frioux/dh v0.0.0-20220615053643-86559e96dc25 h1:sqMCc8+y96xq/316Jmv7O1cvnV+mAPjZdtqCUNYmiO8=
github.com/frioux/dh v0.0.0-20220615053643-86559e96dc25/go.mod h1:rM6PKGHwO8+Xp5VrFvPPaSjHLTUlWAwfMtBVv7+jm7c=
github.com/fxamacker/cbor/v2 v2.4.0 h1:ri0ArlOR+5XunOP8CRUowT0pSJOwhW098ZCUyskZD88=
github.com/fxamacker/cbor/v2 v2.4.0/go.mod h1:TA1xS00nchWmaBnEIxPSE5oHLuJBAVvqrtAnWBwBCVo=
github.com/go-sql-driver/mysql v1.6.0 h1:BCTh4TKNUYmOmMUcQ3IipzF5prigylS7XXjEkfCHuOE=
github.com/go-sql-driver/mysql v1.6.0/go.mod h1:DCzpHaOWr8IXmIStZouvnhqoel9Qv2LBy8hT2VhHyBg=
github.com/google/go-cmp v0.5.6/go.mod h1:v8dTdLbMG2kIc/vJvl+f65V22dbkXbowE6jgT/gNBxE=
github.com/google/go-cmp v0.5.7/go.mod h1:n+brtR0CgQNWTVd5ZUFpTBC8YFBDLK/h/bpaJ8/DtOE=
github.com/google/go-cmp v0.5.8/go.mod h1:17dUlkBOakJ0+DkrSSNjCkIjxS6bF9zb3elmeNGIjoY=
github.com/google/go-cmp v0.5.9 h1:O2Tfq5qg4qc4AmwVlvv0oLiVAGB7enBSJ2x2DqQFi38=
github.com/google/go-cmp v0.5.9/go.mod h1:17dUlkBOakJ0+DkrSSNjCkIjxS6bF9zb3elmeNGIjoY=
github.com/hbollon/go-edlib v1.6.0 h1:ga7AwwVIvP8mHm9GsPueC0d71cfRU/52hmPJ7Tprv4E=
github.com/hbollon/go-edlib v1.6.0/go.mod h1:wnt6o6EIVEzUfgbUZY7BerzQ2uvzp354qmS2xaLkrhM=
github.com/hdevalence/ed25519consensus v0.0.0-20220222234857-c00d1f31bab3 h1:aSVUgRRRtOrZOC1fYmY9gV0e9z/Iu+xNVSASWjsuyGU=
github.com/hdevalence/ed25519consensus v0.0.0-20220222234857-c00d1f31bab3/go.mod h1:5PC6ZNPde8bBqU/ewGZig35+UIZtw9Ytxez8/q5ZyFE=
github.com/jmespath/go-jmespath v0.4.0 h1:BEgLn5cpjn8UN1mAw4NjwDrS35OdebyEtFe+9YPoQUg=
github.com/jmespath/go-jmespath v0.4.0/go.mod h1:T8mJZnbsbmF+m6zOOFylbeCJqk5+pHWvzYPziyZiYoo=
github.com/jmespath/go-jmespath/internal/testify v1.5.1 h1:shLQSRRSCCPj3f2gpwzGwWFoC7ycTf1rcQZHOlsJ6N8=
github.com/jmespath/go-jmespath/internal/testify v1.5.1/go.mod h1:L3OGu8Wl2/fWfCI6z80xFu9LTZmf1ZRjMHUOPmWr69U=
github.com/jmoiron/sqlx v1.3.5 h1:vFFPA71p1o5gAeqtEAwLU4dnX2napprKtHr7PYIcN3g=
github.com/jmoiron/sqlx v1.3.5/go.mod h1:nRVWtLre0KfCLJvgxzCsLVMogSvQ1zNJtpYr2Ccp0mQ=
github.com/josharian/native v1.0.0/go.mod h1:7X/raswPFr05uY3HiLlYeyQntB6OO7E/d2Cu7qoaN2w=
github.com/josharian/native v1.1.1-0.20230202152459-5c7d0dd6ab86 h1:elKwZS1OcdQ0WwEDBeqxKwb7WB62QX8bvZ/FJnVXIfk=
github.com/josharian/native v1.1.1-0.20230202152459-5c7d0dd6ab86/go.mod h1:aFAMtuldEgx/4q7iSGazk22+IcgvtiC+HIimFO9XlS8=
github.com/jsimonetti/rtnetlink v1.1.2-0.20220408201609-d380b505068b h1:Yws7RV6kZr2O7PPdT+RkbSmmOponA8i/1DuGHe8BRsM=
github.com/jsimonetti/rtnetlink v1.1.2-0.20220408201609-d380b505068b/go.mod h1:TzDCVOZKUa79z6iXbbXqhtAflVgUKaFkZ21M5tK5tzY=
github.com/kr/pretty v0.1.0/go.mod h1:dAy3ld7l9f0ibDNOQOHHMYYIIbhfbHSm3C4ZsoJORNo=
github.com/kr/pretty v0.3.0 h1:WgNl7dwNpEZ6jJ9k1snq4pZsg7DOEN8hP9Xw0Tsjwk0=
github.com/kr/pretty v0.3.0/go.mod h1:640gp4NfQd8pI5XOwp5fnNeVWj67G7CFk/SaSQn7NBk=
github.com/kr/pty v1.1.1/go.mod h1:pFQYn66WHrOpPYNljwOMqo10TkYh1fy3cYio2l3bCsQ=
github.com/kr/text v0.1.0/go.mod h1:4Jbv+DJW3UT/LiOwJeYQe1efqtUx/iVham/4vfdArNI=
github.com/kr/text v0.2.0 h1:5Nx0Ya0ZqY2ygV366QzturHI13Jq95ApcVaJBhpS+AY=
github.com/kr/text v0.2.0/go.mod h1:eLer722TekiGuMkidMxC/pM04lWEeraHUUmBw8l2grE=
github.com/lib/pq v1.2.0 h1:LXpIM/LZ5xGFhOpXAQUIMM1HdyqzVYM13zNdjCEEcA0=
github.com/lib/pq v1.2.0/go.mod h1:5WUZQaWbwv1U+lTReE5YruASi9Al49XbQIvNi/34Woo=
github.com/mattn/go-sqlite3 v1.14.6/go.mod h1:NyWgC/yNuGj7Q9rpYnZvas74GogHl5/Z4A/KQRfk6bU=
github.com/mattn/go-sqlite3 v1.14.16 h1:yOQRA0RpS5PFz/oikGwBEqvAWhWg5ufRz4ETLjwpU1Y=
github.com/mattn/go-sqlite3 v1.14.16/go.mod h1:2eHXhiwb8IkHr+BDWZGa96P6+rkvnG63S2DGjv9HUNg=
github.com/mdlayher/netlink v1.6.0/go.mod h1:0o3PlBmGst1xve7wQ7j/hwpNaFaH4qCRyWCdcZk8/vA=
github.com/mdlayher/netlink v1.7.1 h1:FdUaT/e33HjEXagwELR8R3/KL1Fq5x3G5jgHLp/BTmg=
github.com/mdlayher/netlink v1.7.1/go.mod h1:nKO5CSjE/DJjVhk/TNp6vCE1ktVxEA8VEh8drhZzxsQ=
github.com/mdlayher/socket v0.1.1/go.mod h1:mYV5YIZAfHh4dzDVzI8x8tWLWCliuX8Mon5Awbj+qDs=
github.com/mdlayher/socket v0.4.0 h1:280wsy40IC9M9q1uPGcLBwXpcTQDtoGwVt+BNoITxIw=
github.com/mdlayher/socket v0.4.0/go.mod h1:xxFqz5GRCUN3UEOm9CZqEJsAbe1C8OwSK46NlmWuVoc=
github.com/mitchellh/go-ps v1.0.0 h1:i6ampVEEF4wQFF+bkYfwYgY+F/uYJDktmvLPf7qIgjc=
github.com/mitchellh/go-ps v1.0.0/go.mod h1:J4lOc8z8yJs6vUwklHw2XEIiT4z4C40KtWVN3nvg8Pg=
github.com/pmezard/go-difflib v1.0.0 h1:4DBwDE0NGyQoBHbLQYPwSUPoCMWR5BEzIk/f1lZbAQM=
github.com/pmezard/go-difflib v1.0.0/go.mod h1:iKH77koFhYxTK1pcRnkKkqfTogsbg7gZNVY4sRDYZ/4=
github.com/rogpeppe/go-internal v1.6.1/go.mod h1:xXDCJY+GAPziupqXw64V24skbSoqbTEfhy4qGm1nDQc=
github.com/rogpeppe/go-internal v1.8.1-0.20211023094830-115ce09fd6b4 h1:Ha8xCaq6ln1a+R91Km45Oq6lPXj2Mla6CRJYcuV2h1w=
github.com/stretchr/objx v0.1.0/go.mod h1:HFkY916IF+rwdDfMAkV7OtwuqBVzrE8GR6GFx+wExME=
github.com/x448/float16 v0.8.4 h1:qLwI1I70+NjRFUR3zs1JPUCgaCXSh3SW62uAKT1mSBM=
github.com/x448/float16 v0.8.4/go.mod h1:14CWIYCyZA/cWjXOioeEpHeN/83MdbZDRQHoFcYsOfg=
go4.org/intern v0.0.0-20211027215823-ae77deb06f29 h1:UXLjNohABv4S58tHmeuIZDO6e3mHpW2Dx33gaNt03LE=
go4.org/mem v0.0.0-20210711025021-927187094b94 h1:OAAkygi2Js191AJP1Ds42MhJRgeofeKGjuoUqNp1QC4=
go4.org/mem v0.0.0-20210711025021-927187094b94/go.mod h1:reUoABIJ9ikfM5sgtSF3Wushcza7+WeD01VB9Lirh3g=
go4.org/netipx v0.0.0-20220725152314-7e7bdc8411bf h1:IdwJUzqoIo5lkr2EOyKoe5qipUaEjbOKKY5+fzPBZ3A=
go4.org/netipx v0.0.0-20220725152314-7e7bdc8411bf/go.mod h1:+QXzaoURFd0rGDIjDNpyIkv+F9R7EmeKorvlKRnhqgA=
go4.org/unsafe/assume-no-moving-gc v0.0.0-20220617031537-928513b29760 h1:FyBZqvoA/jbNzuAWLQE2kG820zMAkcilx6BMjGbL/E4=
golang.org/x/crypto v0.6.0 h1:qfktjS5LUO+fFKeJXZ+ikTRijMmljikvG68fpMMruSc=
golang.org/x/crypto v0.6.0/go.mod h1:OFC/31mSvZgRz0V1QTNCzfAI1aIRzbiufJtkMIlEp58=
golang.org/x/exp v0.0.0-20221205204356-47842c84f3db h1:D/cFflL63o2KSLJIwjlcIt8PR064j/xsmdEJL/YvY/o=
golang.org/x/exp v0.0.0-20221205204356-47842c84f3db/go.mod h1:CxIveKay+FTh1D0yPZemJVgC/95VzuuOLq5Qi4xnoYc=
golang.org/x/mod v0.7.0 h1:LapD9S96VoQRhi/GrNTqeBJFrUjs5UHCAtTlgwA5oZA=
golang.org/x/mod v0.7.0/go.mod h1:iBbtSCu2XBx23ZKBPSOrRkjjQPZFPuis4dIYUhu/chs=
golang.org/x/net v0.0.0-20210928044308-7d9f5e0b762b/go.mod h1:9nx3DQGgdP8bBQD5qxJ1jj9UTztislL4KSBs9R2vV5Y=
golang.org/x/net v0.0.0-20220127200216-cd36cc0744dd/go.mod h1:CfG3xpIq0wQ8r1q4Su4UZFWDARRcnwPjda9FqA0JpMk=
golang.org/x/net v0.7.0 h1:rJrUqqhjsgNp7KqAIc25s9pZnjU7TUcSY7HcVZjdn1g=
golang.org/x/net v0.7.0/go.mod h1:2Tu9+aMcznHK/AK1HMvgo6xiTLG5rD5rZLDS+rp2Bjs=
golang.org/x/sync v0.0.0-20210220032951-036812b2e83c/go.mod h1:RxMgew5VJxzue5/jJTE5uejpjVlOe/izrB70Jof72aM=
golang.org/x/sync v0.1.0 h1:wsuoTGHzEhffawBOhz5CYhcrV4IdKZbEyZjBMuTp12o=
golang.org/x/sync v0.1.0/go.mod h1:RxMgew5VJxzue5/jJTE5uejpjVlOe/izrB70Jof72aM=
golang.org/x/sys v0.0.0-20201119102817-f84b799fce68/go.mod h1:h1NjWce9XRLGQEsW7wpKNCjG9DtNlClVuFLEZdDNbEs=
golang.org/x/sys v0.0.0-20210423082822-04245dca01da/go.mod h1:h1NjWce9XRLGQEsW7wpKNCjG9DtNlClVuFLEZdDNbEs=
golang.org/x/sys v0.0.0-20210615035016-665e8c7367d1/go.mod h1:oPkhp1MJrh7nUepCBck5+mAzfO9JrbApNNgaTdGDITg=
golang.org/x/sys v0.0.0-20210906170528-6f6e22806c34/go.mod h1:oPkhp1MJrh7nUepCBck5+mAzfO9JrbApNNgaTdGDITg=
golang.org/x/sys v0.0.0-20210927094055-39ccf1dd6fa6/go.mod h1:oPkhp1MJrh7nUepCBck5+mAzfO9JrbApNNgaTdGDITg=
golang.org/x/sys v0.0.0-20211216021012-1d35b9e2eb4e/go.mod h1:oPkhp1MJrh7nUepCBck5+mAzfO9JrbApNNgaTdGDITg=
golang.org/x/sys v0.0.0-20220128215802-99c3d69c2c27/go.mod h1:oPkhp1MJrh7nUepCBck5+mAzfO9JrbApNNgaTdGDITg=
golang.org/x/sys v0.4.1-0.20230131160137-e7d7f63158de/go.mod h1:oPkhp1MJrh7nUepCBck5+mAzfO9JrbApNNgaTdGDITg=
golang.org/x/sys v0.5.0 h1:MUK/U/4lj1t1oPg0HfuXDN/Z1wv31ZJ/YcPiGccS4DU=
golang.org/x/sys v0.5.0/go.mod h1:oPkhp1MJrh7nUepCBck5+mAzfO9JrbApNNgaTdGDITg=
golang.org/x/term v0.0.0-20201126162022-7de9c90e9dd1/go.mod h1:bj7SfCRtBDWHUb9snDiAeCFNEtKQo2Wmx5Cou7ajbmo=
golang.org/x/term v0.0.0-20210927222741-03fcf44c2211/go.mod h1:jbD1KX2456YbFQfuXm/mYQcufACuNUgVhRMnK/tPxf8=
golang.org/x/text v0.3.6/go.mod h1:5Zoc/QRtKVWzQhOtBMvqHzDpF6irO9z98xDceosuGiQ=
golang.org/x/text v0.3.7/go.mod h1:u+2+/6zg+i71rQMx5EYifcz6MCKuco9NR6JIITiCfzQ=
golang.org/x/tools v0.0.0-20180917221912-90fa682c2a6e/go.mod h1:n7NCudcB/nEzxVGmLbDWY5pfWTLqBcC2KZ6jyYvM4mQ=
golang.org/x/tools v0.4.1-0.20221208213631-3f74d914ae6d h1:9ZNWAi4CYhNv60mXGgAncgq7SGc5qa7C8VZV8Tg7Ggs=
golang.org/x/tools v0.4.1-0.20221208213631-3f74d914ae6d/go.mod h1:UE5sM2OK9E/d67R0ANs2xJizIymRP5gJU295PvKXxjQ=
golang.org/x/xerrors v0.0.0-20191204190536-9bdfabe68543/go.mod h1:I/5z698sn9Ka8TeJc9MKroUUfqBBauWjQqLJ2OPfmY0=
golang.org/x/xerrors v0.0.0-20200804184101-5ec99f83aff1/go.mod h1:I/5z698sn9Ka8TeJc9MKroUUfqBBauWjQqLJ2OPfmY0=
golang.zx2c4.com/wireguard/windows v0.5.3 h1:On6j2Rpn3OEMXqBq00QEDC7bWSZrPIHKIus8eIuExIE=
golang.zx2c4.com/wireguard/windows v0.5.3/go.mod h1:9TEe8TJmtwyQebdFwAkEWOPr3prrtqm+REGFifP60hI=
gopkg.in/check.v1 v0.0.0-20161208181325-20d25e280405/go.mod h1:Co6ibVJAznAaIkqp8huTwlJQCZ016jof/cbN4VW5Yz0=
gopkg.in/check.v1 v1.0.0-20180628173108-788fd7840127/go.mod h1:Co6ibVJAznAaIkqp8huTwlJQCZ016jof/cbN4VW5Yz0=
gopkg.in/errgo.v2 v2.1.0/go.mod h1:hNsd1EY+bozCKY1Ytp96fpM3vjJbqLJn88ws8XvfDNI=
gopkg.in/yaml.v2 v2.2.8/go.mod h1:hI93XBmqTisBFMUTm0b8Fm+jr3Dg1NNxqwp+5A1VGuI=
gopkg.in/yaml.v2 v2.4.0 h1:D8xgwECY7CYvx+Y2n4sBz93Jn9JRvxdiyyo8CTfuKaY=
tailscale.com v1.38.4 h1:ItZfSYhLCnY/fjwlBqdgcf0mjjh2W8eFhUM5XIsSqdE=
tailscale.com v1.38.4/go.mod h1:UWLQxcd8dz+lds2I+HpfXSruHrvXM1j4zd4zdx86t7w=
